
Microsoft Visual Studio Solution File, Format Version 12.00
# Visual Studio Version 17
VisualStudioVersion = 17.5.33530.505
MinimumVisualStudioVersion = 10.0.40219.1
Project("{9A19103F-16F7-4668-BE54-9A1E7A4F7556}") = "YandexMusicRPC", "YandexMusicRPC.csproj", "{D1A4C90A-041A-457F-B390-95AE5AD5F88B}"
EndProject
Project("{FAE04EC0-301F-11D3-BF4B-00C04F79EFBC}") = "UnInstallHelper", "UnInstallHelper\UnInstallHelper.csproj", "{4122367B-67F9-4A2B-9F1B-30E6A4884152}"
EndProject
Project("{54435603-DBB4-11D2-8724-00A0C9A8B90C}") = "Setup32", "Setup32\Setup32.vdproj", "{4E9F05D7-9CC9-49F5-99B2-2EE1B97EDB0D}"
EndProject
Project("{54435603-DBB4-11D2-8724-00A0C9A8B90C}") = "Setup64", "Setup64\Setup64.vdproj", "{E1CF5550-42F7-4059-80C9-2FD9378680C9}"
EndProject
Global
	GlobalSection(SolutionConfigurationPlatforms) = preSolution
		Debug|Any CPU = Debug|Any CPU
		Release|Any CPU = Release|Any CPU
	EndGlobalSection
	GlobalSection(ProjectConfigurationPlatforms) = postSolution
		{D1A4C90A-041A-457F-B390-95AE5AD5F88B}.Debug|Any CPU.ActiveCfg = Debug|Any CPU
		{D1A4C90A-041A-457F-B390-95AE5AD5F88B}.Debug|Any CPU.Build.0 = Debug|Any CPU
		{D1A4C90A-041A-457F-B390-95AE5AD5F88B}.Release|Any CPU.ActiveCfg = Release|Any CPU
		{D1A4C90A-041A-457F-B390-95AE5AD5F88B}.Release|Any CPU.Build.0 = Release|Any CPU
		{4122367B-67F9-4A2B-9F1B-30E6A4884152}.Debug|Any CPU.ActiveCfg = Debug|Any CPU
		{4122367B-67F9-4A2B-9F1B-30E6A4884152}.Debug|Any CPU.Build.0 = Debug|Any CPU
		{4122367B-67F9-4A2B-9F1B-30E6A4884152}.Release|Any CPU.ActiveCfg = Release|Any CPU
		{4122367B-67F9-4A2B-9F1B-30E6A4884152}.Release|Any CPU.Build.0 = Release|Any CPU
		{4E9F05D7-9CC9-49F5-99B2-2EE1B97EDB0D}.Debug|Any CPU.ActiveCfg = Debug
		{4E9F05D7-9CC9-49F5-99B2-2EE1B97EDB0D}.Release|Any CPU.ActiveCfg = Release
		{E1CF5550-42F7-4059-80C9-2FD9378680C9}.Debug|Any CPU.ActiveCfg = Debug
		{E1CF5550-42F7-4059-80C9-2FD9378680C9}.Release|Any CPU.ActiveCfg = Release
	EndGlobalSection
	GlobalSection(SolutionProperties) = preSolution
		HideSolutionNode = FALSE
	EndGlobalSection
	GlobalSection(ExtensibilityGlobals) = postSolution
		SolutionGuid = {D875C18F-03DD-4A05-9C9B-FDDC101D22F1}
	EndGlobalSection
EndGlobal
