
Microsoft Visual Studio Solution File, Format Version 12.00
# Visual Studio Version 17
VisualStudioVersion = 17.5.33530.505
MinimumVisualStudioVersion = 10.0.40219.1
Project("{9A19103F-16F7-4668-BE54-9A1E7A4F7556}") = "YandexMusicRPC", "YandexMusicRPC.csproj", "{D1A4C90A-041A-457F-B390-95AE5AD5F88B}"
EndProject
Project("{FAE04EC0-301F-11D3-BF4B-00C04F79EFBC}") = "UnInstallHelper", "UnInstallHelper\UnInstallHelper.csproj", "{4122367B-67F9-4A2B-9F1B-30E6A4884152}"
EndProject
Project("{2150E333-8FDC-42A3-9474-1A3956D46DE8}") = "Solution Items", "Solution Items", "{0C2C7840-73EC-4C2A-AE30-7DD980C0D07D}"
	ProjectSection(SolutionItems) = preProject
		.editorconfig = .editorconfig
	EndProjectSection
EndProject
Project("{54435603-DBB4-11D2-8724-00A0C9A8B90C}") = "Setup32", "Setup32\Setup32.vdproj", "{1788D35A-25C6-4A17-A351-13B51DB3840D}"
EndProject
Project("{54435603-DBB4-11D2-8724-00A0C9A8B90C}") = "Setup64", "Setup64\Setup64.vdproj", "{E40678F6-E79B-4392-A9B8-5AF28492DB4B}"
EndProject
Global
	GlobalSection(SolutionConfigurationPlatforms) = preSolution
		Debug|Any CPU = Debug|Any CPU
		Release|Any CPU = Release|Any CPU
	EndGlobalSection
	GlobalSection(ProjectConfigurationPlatforms) = postSolution
		{D1A4C90A-041A-457F-B390-95AE5AD5F88B}.Debug|Any CPU.ActiveCfg = Debug|Any CPU
		{D1A4C90A-041A-457F-B390-95AE5AD5F88B}.Debug|Any CPU.Build.0 = Debug|Any CPU
		{D1A4C90A-041A-457F-B390-95AE5AD5F88B}.Release|Any CPU.ActiveCfg = Release|Any CPU
		{D1A4C90A-041A-457F-B390-95AE5AD5F88B}.Release|Any CPU.Build.0 = Release|Any CPU
		{4122367B-67F9-4A2B-9F1B-30E6A4884152}.Debug|Any CPU.ActiveCfg = Debug|Any CPU
		{4122367B-67F9-4A2B-9F1B-30E6A4884152}.Debug|Any CPU.Build.0 = Debug|Any CPU
		{4122367B-67F9-4A2B-9F1B-30E6A4884152}.Release|Any CPU.ActiveCfg = Release|Any CPU
		{4122367B-67F9-4A2B-9F1B-30E6A4884152}.Release|Any CPU.Build.0 = Release|Any CPU
		{1788D35A-25C6-4A17-A351-13B51DB3840D}.Debug|Any CPU.ActiveCfg = Debug
		{1788D35A-25C6-4A17-A351-13B51DB3840D}.Release|Any CPU.ActiveCfg = Release
		{E40678F6-E79B-4392-A9B8-5AF28492DB4B}.Debug|Any CPU.ActiveCfg = Debug
		{E40678F6-E79B-4392-A9B8-5AF28492DB4B}.Release|Any CPU.ActiveCfg = Release
	EndGlobalSection
	GlobalSection(SolutionProperties) = preSolution
		HideSolutionNode = FALSE
	EndGlobalSection
	GlobalSection(ExtensibilityGlobals) = postSolution
		SolutionGuid = {D875C18F-03DD-4A05-9C9B-FDDC101D22F1}
	EndGlobalSection
EndGlobal
